
Microsoft Visual Studio Solution File, Format Version 12.00
# Visual Studio Version 17
VisualStudioVersion = 17.0.31903.59
MinimumVisualStudioVersion = 10.0.40219.1
Project("{8BC9CEB8-8B4A-11D0-8D11-00A0C91BC942}") = "BazeAlg7", "BazeAlg7\BazeAlg7.vcxproj", "{03549B2D-D828-46FA-899E-43568B5F4D06}"
EndProject
Global
	GlobalSection(SolutionConfigurationPlatforms) = preSolution
		Debug|x64 = Debug|x64
		Debug|x86 = Debug|x86
		Release|x64 = Release|x64
		Release|x86 = Release|x86
	EndGlobalSection
	GlobalSection(ProjectConfigurationPlatforms) = postSolution
		{03549B2D-D828-46FA-899E-43568B5F4D06}.Debug|x64.ActiveCfg = Debug|x64
		{03549B2D-D828-46FA-899E-43568B5F4D06}.Debug|x64.Build.0 = Debug|x64
		{03549B2D-D828-46FA-899E-43568B5F4D06}.Debug|x86.ActiveCfg = Debug|Win32
		{03549B2D-D828-46FA-899E-43568B5F4D06}.Debug|x86.Build.0 = Debug|Win32
		{03549B2D-D828-46FA-899E-43568B5F4D06}.Release|x64.ActiveCfg = Release|x64
		{03549B2D-D828-46FA-899E-43568B5F4D06}.Release|x64.Build.0 = Release|x64
		{03549B2D-D828-46FA-899E-43568B5F4D06}.Release|x86.ActiveCfg = Release|Win32
		{03549B2D-D828-46FA-899E-43568B5F4D06}.Release|x86.Build.0 = Release|Win32
	EndGlobalSection
	GlobalSection(SolutionProperties) = preSolution
		HideSolutionNode = FALSE
	EndGlobalSection
	GlobalSection(ExtensibilityGlobals) = postSolution
		SolutionGuid = {8B5A90DB-B2A3-4F2B-A2D4-7B234716797C}
	EndGlobalSection
EndGlobal
